<Solution>
  <Folder Name="/Solution Items/">
    <File Path=".dockerignore" />
    <File Path=".editorconfig" />
    <File Path=".gitattributes" />
    <File Path="LICENSE.txt" />
    <File Path=".gitignore" />
    <File Path="README.md" />
  </Folder>
  <Project Path="API/API.csproj" Id="51d7c6c7-168d-4237-8885-40246e5d226a" />
</Solution>
