{
  "version": 1,
  "dependencies": {
    "net10.0": {
      "Dapper": {
        "type": "Direct",
        "requested": "[2.1.72, )",
        "resolved": "2.1.72",
        "contentHash": "ns4mGqQd9a/MhP8m6w556vVlZIa0/MfUu03zrxjZC/jlr1uVCsUac8bkdB+Fs98Llbd56rRSo1eZH5VVmeGZyw=="
      },
      "FastEndpoints": {
        "type": "Direct",
        "requested": "[8.1.0, )",
        "resolved": "8.1.0",
        "contentHash": "LGppBQ5tUTdZNXA9/zTI5zIrd9Nup5O5ASVU7YxKDD56aU8pK5+sxAcd5ud8bmjlw4t97vCzfNU0wW7/7XFodw==",
        "dependencies": {
          "FastEndpoints.Attributes": "8.1.0",
          "FastEndpoints.JobQueues": "8.1.0",
          "FastEndpoints.Messaging": "8.1.0",
          "FluentValidation": "12.1.1"
        }
      },
      "FastEndpoints.HealthChecks": {
        "type": "Direct",
        "requested": "[8.1.0, )",
        "resolved": "8.1.0",
        "contentHash": "MDt5kbGwYfeA3kjiKgVWOZDxyUsIGVbBaJLCvzpztZqFDsf3P5bQwJZtkUHDbx4GQQ1x2jBxoXGGrqHW6tGbgw=="
      },
      "FastEndpoints.Swagger": {
        "type": "Direct",
        "requested": "[8.1.0, )",
        "resolved": "8.1.0",
        "contentHash": "J0PLiqtzJzRArxfT9juncvtYbW/bOHfVuAf0Cqz9FhMxJsNyKuVtG9NLxW9lpChEY1yDSaiM5qwzCvxa6Y0Oow==",
        "dependencies": {
          "FastEndpoints": "8.1.0",
          "NSwag.AspNetCore": "14.6.3"
        }
      },
      "Immediate.Handlers": {
        "type": "Direct",
        "requested": "[3.4.0, )",
        "resolved": "3.4.0",
        "contentHash": "0ufw1Fu66I35Y+u/JpLJKOoyJgy74TKTtGQn/rx6zfV1mcZpPLXwIcfSWED14UulLJxSz8hmVg3cSg7cXhriiA=="
      },
      "Microsoft.AspNetCore.OpenApi": {
        "type": "Direct",
        "requested": "[10.0.7, )",
        "resolved": "10.0.7",
        "contentHash": "vKiAcGXG0BwNVw3bOjjWRLnp9tR18dR7MiwpvC94h0yFS+zfnzGHzS/JmmgwUdRixrGxrlIMRAWrVc+2DfAGlg==",
        "dependencies": {
          "Microsoft.OpenApi": "2.0.0"
        }
      },
      "MySqlConnector": {
        "type": "Direct",
        "requested": "[2.5.0, )",
        "resolved": "2.5.0",
        "contentHash": "hoAwfHHF8DlRRqwHOhN3u1KLi+XbX/4LPS7Anfa+SYC97vRyIfdEOEEfj1L50q01Ik8aDNvmDrNmu/VPFiAiaQ=="
      },
      "MySqlConnector.DependencyInjection": {
        "type": "Direct",
        "requested": "[2.5.0, )",
        "resolved": "2.5.0",
        "contentHash": "URHKVa43IB17B0kuT7yiTuSAdkhELsM22C/xBfp0ilp1M2Iv6fKrE5BqZr9bKs+QEyhXUXNAXMfzU9qKn0kURA==",
        "dependencies": {
          "MySqlConnector": "2.5.0"
        }
      },
      "Serilog.AspNetCore": {
        "type": "Direct",
        "requested": "[10.0.0, )",
        "resolved": "10.0.0",
        "contentHash": "a/cNa1mY4On1oJlfGG1wAvxjp5g7OEzk/Jf/nm7NF9cWoE7KlZw1GldrifUBWm9oKibHkR7Lg/l5jy3y7ACR8w==",
        "dependencies": {
          "Serilog": "4.3.0",
          "Serilog.Extensions.Hosting": "10.0.0",
          "Serilog.Formatting.Compact": "3.0.0",
          "Serilog.Settings.Configuration": "10.0.0",
          "Serilog.Sinks.Console": "6.1.1",
          "Serilog.Sinks.Debug": "3.0.0",
          "Serilog.Sinks.File": "7.0.0"
        }
      },
      "Serilog.Enrichers.Environment": {
        "type": "Direct",
        "requested": "[3.0.1, )",
        "resolved": "3.0.1",
        "contentHash": "9BqCE4C9FF+/rJb/CsQwe7oVf44xqkOvMwX//CUxvUR25lFL4tSS6iuxE5eW07quby1BAyAEP+vM6TWsnT3iqw==",
        "dependencies": {
          "Serilog": "4.0.0"
        }
      },
      "Serilog.Enrichers.Process": {
        "type": "Direct",
        "requested": "[3.0.0, )",
        "resolved": "3.0.0",
        "contentHash": "/wPYz2PDCJGSHNI+Z0PAacZvrgZgrGduWqLXeC2wvW6pgGM/Bi45JrKy887MRcRPHIZVU0LAlkmJ7TkByC0boQ==",
        "dependencies": {
          "Serilog": "4.0.0"
        }
      },
      "Serilog.Enrichers.Thread": {
        "type": "Direct",
        "requested": "[4.0.0, )",
        "resolved": "4.0.0",
        "contentHash": "C7BK25a1rhUyr+Tp+1BYcVlBJq7M2VCHlIgnwoIUVJcicM9jYcvQK18+OeHiXw7uLPSjqWxJIp1EfaZ/RGmEwA==",
        "dependencies": {
          "Serilog": "4.0.0"
        }
      },
      "Serilog.Exceptions": {
        "type": "Direct",
        "requested": "[8.4.0, )",
        "resolved": "8.4.0",
        "contentHash": "nc/+hUw3lsdo0zCj0KMIybAu7perMx79vu72w0za9Nsi6mWyNkGXxYxakAjWB7nEmYL6zdmhEQRB4oJ2ALUeug==",
        "dependencies": {
          "Serilog": "2.8.0",
          "System.Reflection.TypeExtensions": "4.7.0"
        }
      },
      "Serilog.Expressions": {
        "type": "Direct",
        "requested": "[5.0.0, )",
        "resolved": "5.0.0",
        "contentHash": "QhZjXtUcA2QfQRA60m+DfyIfidKsQV7HBstbYEDqzJKMbJH/KnKthkkjciRuYrmFE+scWv1JibC5LlXrdtOUmw==",
        "dependencies": {
          "Serilog": "4.0.0"
        }
      },
      "Swashbuckle.AspNetCore.ReDoc": {
        "type": "Direct",
        "requested": "[10.1.7, )",
        "resolved": "10.1.7",
        "contentHash": "aoVMCDlS4v6X6EgaowPxSSDwdvIP0NQNJR42lq+iQCVFaGRCN67wALoAZYddyxGQeBoiKSdATvP+psj7OVCuPw=="
      },
      "FastEndpoints.Attributes": {
        "type": "Transitive",
        "resolved": "8.1.0",
        "contentHash": "jo2pRdwv/Bs0JE7S3bCUBZWuyX7u3fJylOf985/epr/tSQfuaBCIwx9XouuXcU00H1XdukcDKUzVmPQFeRZuRg=="
      },
      "FastEndpoints.Core": {
        "type": "Transitive",
        "resolved": "8.1.0",
        "contentHash": "z5Ym1UNtHZ87u5ZsTgajeM+anU1Ab3TsKvFTK5taPTqb89seB2raxFcykhOHoQ9o1hN7gVj3epS8R7ZYx47nhg=="
      },
      "FastEndpoints.JobQueues": {
        "type": "Transitive",
        "resolved": "8.1.0",
        "contentHash": "vP+D3+4J35miQ2E5mWjay5PDWSPwmlgjvvWFaptNzq0Csde/ONh8PJ8EDnuJ9uhAkKd6QLgujbRaympBQXBhXg==",
        "dependencies": {
          "FastEndpoints.Messaging": "8.1.0"
        }
      },
      "FastEndpoints.Messaging": {
        "type": "Transitive",
        "resolved": "8.1.0",
        "contentHash": "soymzIpNTRjUbrbHZ+418EhB+KC39xj98EWQo8Q0V793EYrl/qVqTlAlahXhInA75CP9pip0/Hgb79U05hflZA==",
        "dependencies": {
          "FastEndpoints.Core": "8.1.0",
          "FastEndpoints.Messaging.Core": "8.1.0"
        }
      },
      "FastEndpoints.Messaging.Core": {
        "type": "Transitive",
        "resolved": "8.1.0",
        "contentHash": "i3VqYn4b9UjpvXFkcCRXZq5lMzQ13dlLab7BWh/19aVY8pvQT9v643ViCdga47zir7y2twnYOIjRIy9Fln2dWw=="
      },
      "FluentValidation": {
        "type": "Transitive",
        "resolved": "12.1.1",
        "contentHash": "EPpkIe1yh1a0OXyC100oOA8WMbZvqUu5plwhvYcb7oSELfyUZzfxV48BLhvs3kKo4NwG7MGLNgy1RJiYtT8Dpw=="
      },
      "Microsoft.Extensions.DependencyModel": {
        "type": "Transitive",
        "resolved": "10.0.0",
        "contentHash": "RFYJR7APio/BiqdQunRq6DB+nDB6nc2qhHr77mlvZ0q0BT8PubMXN7XicmfzCbrDE/dzhBnUKBRXLTcqUiZDGg=="
      },
      "Microsoft.OpenApi": {
        "type": "Transitive",
        "resolved": "2.0.0",
        "contentHash": "GGYLfzV/G/ct80OZ45JxnWP7NvMX1BCugn/lX7TH5o0lcVaviavsLMTxmFV2AybXWjbi3h6FF1vgZiTK6PXndw=="
      },
      "Namotion.Reflection": {
        "type": "Transitive",
        "resolved": "3.4.3",
        "contentHash": "KLk2gLR9f8scM82EiL+p9TONXXPy9+IAZVMzJOA/Wsa7soZD7UJGG6j0fq0D9ZoVnBRRnSeEC7kShhRo3Olgaw=="
      },
      "Newtonsoft.Json": {
        "type": "Transitive",
        "resolved": "13.0.3",
        "contentHash": "HrC5BXdl00IP9zeV+0Z848QWPAoCr9P3bDEZguI+gkLcBKAOxix/tLEAAHC+UvDNPv4a2d18lOReHMOagPa+zQ=="
      },
      "NJsonSchema": {
        "type": "Transitive",
        "resolved": "11.5.2",
        "contentHash": "CAmnt4tnylb82Ro6f2EFIGz8rmThuCsITECUNqGhVEQ5VvxV+XwsTPz6LF58MbvUEV1jVcH+uxxljgM/etgK7A==",
        "dependencies": {
          "NJsonSchema.Annotations": "11.5.2",
          "Namotion.Reflection": "3.4.3",
          "Newtonsoft.Json": "13.0.3"
        }
      },
      "NJsonSchema.Annotations": {
        "type": "Transitive",
        "resolved": "11.5.2",
        "contentHash": "OfYQgNzJZb1r/gR5vza0DbBLxnmcITDhA5CXFuX1qxuP3rRdQMjbIz5VyDVHCU1QxyrfAymzajbh7iszEvyFGQ=="
      },
      "NJsonSchema.NewtonsoftJson": {
        "type": "Transitive",
        "resolved": "11.5.2",
        "contentHash": "2KuhjeP/E/hqixoKRjKUXD56V8gBkEB51gdbTU2gN2AeabCG4gW5YsAUl+ZumFgj0cbEJ7GKdl9IBdeZaLxiTA==",
        "dependencies": {
          "NJsonSchema": "11.5.2",
          "Newtonsoft.Json": "13.0.3"
        }
      },
      "NJsonSchema.Yaml": {
        "type": "Transitive",
        "resolved": "11.5.2",
        "contentHash": "1H835IiOxO5tpqpTN4Ibs0qymHbobHoYr+2K3ZdUVpzwlFDgaGflKmKT+7Hj4cBxKBsNs+MxTeCOEeM+PN1VRw==",
        "dependencies": {
          "NJsonSchema": "11.5.2",
          "YamlDotNet": "16.3.0"
        }
      },
      "NSwag.Annotations": {
        "type": "Transitive",
        "resolved": "14.6.3",
        "contentHash": "ZAmmjFF6ieW7D7bS7ViIcFZ6Sq77NxAZbvIOypsB8EVRnZMdcr+Rn/sVaVDwPi3YtZJBydSAMNsYDdluhy0ayA=="
      },
      "NSwag.AspNetCore": {
        "type": "Transitive",
        "resolved": "14.6.3",
        "contentHash": "rKhVvcmhDdI91RBntyzzO/Tjfeo4dh1zkO2UaG3R7wWp40GUK+RzZJpY4NjwuawsG+PPEWCDCKEgJL8BNo3R3A==",
        "dependencies": {
          "NJsonSchema": "11.5.2",
          "NJsonSchema.NewtonsoftJson": "11.5.2",
          "NJsonSchema.Yaml": "11.5.2",
          "NSwag.Annotations": "14.6.3",
          "NSwag.Core.Yaml": "14.6.3",
          "NSwag.Generation.AspNetCore": "14.6.3",
          "Namotion.Reflection": "3.4.3",
          "Newtonsoft.Json": "13.0.3"
        }
      },
      "NSwag.Core": {
        "type": "Transitive",
        "resolved": "14.6.3",
        "contentHash": "TrX5mbmuoOIUaOs/77Rohu0xir4nKjAVHmVsct7wmnsAI6b0HOYEM9eH9km0VbcNKj0baNQ7qYSKH6KXMkkz0Q==",
        "dependencies": {
          "NJsonSchema": "11.5.2",
          "Namotion.Reflection": "3.4.3",
          "Newtonsoft.Json": "13.0.3"
        }
      },
      "NSwag.Core.Yaml": {
        "type": "Transitive",
        "resolved": "14.6.3",
        "contentHash": "/XVgHvtFaJiGElFG1Wuk9N4AwKzmrD8udUKymDQPoqtvg5L0nSeZsnlRgKwPJq/4vquN51AIGWqB8iK4O3YRHg==",
        "dependencies": {
          "NJsonSchema": "11.5.2",
          "NJsonSchema.Yaml": "11.5.2",
          "NSwag.Core": "14.6.3",
          "Namotion.Reflection": "3.4.3",
          "Newtonsoft.Json": "13.0.3"
        }
      },
      "NSwag.Generation": {
        "type": "Transitive",
        "resolved": "14.6.3",
        "contentHash": "PMeOxbdL9XaSgPN2eZfb9gv1fHEtqMujaXCR/EL2A8JNVicCNZH73iy/IKuhNrTstZdzHp0XMYz1vbIvUKiWvQ==",
        "dependencies": {
          "NJsonSchema": "11.5.2",
          "NJsonSchema.NewtonsoftJson": "11.5.2",
          "NSwag.Core": "14.6.3",
          "Namotion.Reflection": "3.4.3",
          "Newtonsoft.Json": "13.0.3"
        }
      },
      "NSwag.Generation.AspNetCore": {
        "type": "Transitive",
        "resolved": "14.6.3",
        "contentHash": "h3A6dekJz95mjLVREa0PHejNTipzZlslqGXttruMJdEBRtxqDOVe3osNllXszAF2kA5JKL8hByNlySIr6aI7MQ==",
        "dependencies": {
          "NJsonSchema": "11.5.2",
          "NJsonSchema.NewtonsoftJson": "11.5.2",
          "NSwag.Generation": "14.6.3",
          "Namotion.Reflection": "3.4.3",
          "Newtonsoft.Json": "13.0.3"
        }
      },
      "Serilog": {
        "type": "Transitive",
        "resolved": "4.3.0",
        "contentHash": "+cDryFR0GRhsGOnZSKwaDzRRl4MupvJ42FhCE4zhQRVanX0Jpg6WuCBk59OVhVDPmab1bB+nRykAnykYELA9qQ=="
      },
      "Serilog.Extensions.Hosting": {
        "type": "Transitive",
        "resolved": "10.0.0",
        "contentHash": "E7juuIc+gzoGxgzFooFgAV8g9BfiSXNKsUok9NmEpyAXg2odkcPsMa/Yo4axkJRlh0se7mkYQ1GXDaBemR+b6w==",
        "dependencies": {
          "Serilog": "4.3.0",
          "Serilog.Extensions.Logging": "10.0.0"
        }
      },
      "Serilog.Extensions.Logging": {
        "type": "Transitive",
        "resolved": "10.0.0",
        "contentHash": "vx0kABKl2dWbBhhqAfTOk53/i8aV/5VaT3a6il9gn72Wqs2pM7EK2OB6No6xdqK2IaY6Zf9gdjLuK9BVa2rT+Q==",
        "dependencies": {
          "Serilog": "4.2.0"
        }
      },
      "Serilog.Formatting.Compact": {
        "type": "Transitive",
        "resolved": "3.0.0",
        "contentHash": "wQsv14w9cqlfB5FX2MZpNsTawckN4a8dryuNGbebB/3Nh1pXnROHZov3swtu3Nj5oNG7Ba+xdu7Et/ulAUPanQ==",
        "dependencies": {
          "Serilog": "4.0.0"
        }
      },
      "Serilog.Settings.Configuration": {
        "type": "Transitive",
        "resolved": "10.0.0",
        "contentHash": "LNq+ibS1sbhTqPV1FIE69/9AJJbfaOhnaqkzcjFy95o+4U+STsta9mi97f1smgXsWYKICDeGUf8xUGzd/52/uA==",
        "dependencies": {
          "Microsoft.Extensions.DependencyModel": "10.0.0",
          "Serilog": "4.3.0"
        }
      },
      "Serilog.Sinks.Console": {
        "type": "Transitive",
        "resolved": "6.1.1",
        "contentHash": "8jbqgjUyZlfCuSTaJk6lOca465OndqOz3KZP6Cryt/IqZYybyBu7GP0fE/AXBzrrQB3EBmQntBFAvMVz1COvAA==",
        "dependencies": {
          "Serilog": "4.0.0"
        }
      },
      "Serilog.Sinks.Debug": {
        "type": "Transitive",
        "resolved": "3.0.0",
        "contentHash": "4BzXcdrgRX7wde9PmHuYd9U6YqycCC28hhpKonK7hx0wb19eiuRj16fPcPSVp0o/Y1ipJuNLYQ00R3q2Zs8FDA==",
        "dependencies": {
          "Serilog": "4.0.0"
        }
      },
      "Serilog.Sinks.File": {
        "type": "Transitive",
        "resolved": "7.0.0",
        "contentHash": "fKL7mXv7qaiNBUC71ssvn/dU0k9t0o45+qm2XgKAlSt19xF+ijjxyA3R6HmCgfKEKwfcfkwWjayuQtRueZFkYw==",
        "dependencies": {
          "Serilog": "4.2.0"
        }
      },
      "System.Reflection.TypeExtensions": {
        "type": "Transitive",
        "resolved": "4.7.0",
        "contentHash": "VybpaOQQhqE6siHppMktjfGBw1GCwvCqiufqmP8F1nj7fTUNtW35LOEt3UZTEsECfo+ELAl/9o9nJx3U91i7vA=="
      },
      "YamlDotNet": {
        "type": "Transitive",
        "resolved": "16.3.0",
        "contentHash": "SgMOdxbz8X65z8hraIs6hOEdnkH6hESTAIUa7viEngHOYaH+6q5XJmwr1+yb9vJpNQ19hCQY69xbFsLtXpobQA=="
      }
    },
    "net10.0/linux-arm64": {},
    "net10.0/linux-x64": {},
    "net10.0/win-x64": {}
  }
}